%{
  "certifi": {:hex, :certifi, "2.13.0", "e52be248590050b2dd33b0bb274b56678f9068e67805dca8aa8b1ccdb016bbf6", [:rebar3], [], "hexpm", "8f3d9533a0f06070afdfd5d596b32e21c6580667a492891851b0e2737bc507a1"},
  "file_system": {:hex, :file_system, "1.0.1", "79e8ceaddb0416f8b8cd02a0127bdbababe7bf4a23d2a395b983c1f8b3f73edd", [:mix], [], "hexpm", "4414d1f38863ddf9120720cd976fce5bdde8e91d8283353f0e31850fa89feb9e"},
  "mix_test_watch": {:hex, :mix_test_watch, "1.2.0", "1f9acd9e1104f62f280e30fc2243ae5e6d8ddc2f7f4dc9bceb454b9a41c82b42", [:mix], [{:file_system, "~> 0.2 or ~> 1.0", [hex: :file_system, repo: "hexpm", optional: false]}], "hexpm", "278dc955c20b3fb9a3168b5c2493c2e5cffad133548d307e0a50c7f2cfbf34f6"},
  "portmidi": {:hex, :portmidi, "5.1.2", "17a70db5d09885b15f841f878e2f4622996c02cf05ffeb90173d69d38f2589a8", [:make, :mix], [], "hexpm", "988044c7248883db855f129cd784698a300a9b86d4245164449e574545ec7de0"},
  "socket2": {:hex, :socket2, "2.1.1", "850a8e90963358e1e9ba53efe4e91272f2b39489e3f2a82d291010b20539e8c3", [:mix], [{:certifi, "~> 2.12", [hex: :certifi, repo: "hexpm", optional: false]}], "hexpm", "37face03ee9c98e100084fa202a5291c2200a9b4e661dad7b163c9efdb0a2865"},
}
