%{
  "certifi": {:hex, :certifi, "2.13.0", "e52be248590050b2dd33b0bb274b56678f9068e67805dca8aa8b1ccdb016bbf6", [:rebar3], [], "hexpm", "8f3d9533a0f06070afdfd5d596b32e21c6580667a492891851b0e2737bc507a1"},
  "socket2": {:hex, :socket2, "2.1.1", "850a8e90963358e1e9ba53efe4e91272f2b39489e3f2a82d291010b20539e8c3", [:mix], [{:certifi, "~> 2.12", [hex: :certifi, repo: "hexpm", optional: false]}], "hexpm", "37face03ee9c98e100084fa202a5291c2200a9b4e661dad7b163c9efdb0a2865"},
}
